
Microsoft Visual Studio Solution File, Format Version 12.00
# Visual Studio Version 17
VisualStudioVersion = 17.0.31903.59
MinimumVisualStudioVersion = 10.0.40219.1
Project("{FAE04EC0-301F-11D3-BF4B-00C04F79EFBC}") = "RorolalaDesktopConfig.IntegrationTests", "desktop-config\RorolalaDesktopConfig.IntegrationTests.csproj", "{2F6A9C41-7B3E-4D58-9E12-A4C8D0B7F315}"
EndProject
Project("{FAE04EC0-301F-11D3-BF4B-00C04F79EFBC}") = "RorolalaDesktopHost.IntegrationTests", "desktop-host\RorolalaDesktopHost.IntegrationTests.csproj", "{8D4B1E72-5C9A-4A63-B0F7-6E2D9C3A5184}"
EndProject
Global
	GlobalSection(SolutionConfigurationPlatforms) = preSolution
		Debug|Any CPU = Debug|Any CPU
		Release|Any CPU = Release|Any CPU
	EndGlobalSection
	GlobalSection(ProjectConfigurationPlatforms) = postSolution
		{2F6A9C41-7B3E-4D58-9E12-A4C8D0B7F315}.Debug|Any CPU.ActiveCfg = Debug|Any CPU
		{2F6A9C41-7B3E-4D58-9E12-A4C8D0B7F315}.Debug|Any CPU.Build.0 = Debug|Any CPU
		{2F6A9C41-7B3E-4D58-9E12-A4C8D0B7F315}.Release|Any CPU.ActiveCfg = Release|Any CPU
		{2F6A9C41-7B3E-4D58-9E12-A4C8D0B7F315}.Release|Any CPU.Build.0 = Release|Any CPU
		{8D4B1E72-5C9A-4A63-B0F7-6E2D9C3A5184}.Debug|Any CPU.ActiveCfg = Debug|Any CPU
		{8D4B1E72-5C9A-4A63-B0F7-6E2D9C3A5184}.Debug|Any CPU.Build.0 = Debug|Any CPU
		{8D4B1E72-5C9A-4A63-B0F7-6E2D9C3A5184}.Release|Any CPU.ActiveCfg = Release|Any CPU
		{8D4B1E72-5C9A-4A63-B0F7-6E2D9C3A5184}.Release|Any CPU.Build.0 = Release|Any CPU
	EndGlobalSection
	GlobalSection(SolutionProperties) = preSolution
		HideSolutionNode = FALSE
	EndGlobalSection
EndGlobal
